
Microsoft Visual Studio Solution File, Format Version 11.00
# Visual Studio 2010
Project("{FAE04EC0-301F-11D3-BF4B-00C04F79EFBC}") = "OBJECT_CACHE_POOL", "OBJECT_CACHE_POOL\OBJECT_CACHE_POOL.csproj", "{63B46341-6B17-4D56-AE08-48FB1EC41DE9}"
EndProject
Global
	GlobalSection(SolutionConfigurationPlatforms) = preSolution
		Debug|Any CPU = Debug|Any CPU
		Release|Any CPU = Release|Any CPU
	EndGlobalSection
	GlobalSection(ProjectConfigurationPlatforms) = postSolution
		{63B46341-6B17-4D56-AE08-48FB1EC41DE9}.Debug|Any CPU.ActiveCfg = Debug|Any CPU
		{63B46341-6B17-4D56-AE08-48FB1EC41DE9}.Debug|Any CPU.Build.0 = Debug|Any CPU
		{63B46341-6B17-4D56-AE08-48FB1EC41DE9}.Release|Any CPU.ActiveCfg = Release|Any CPU
		{63B46341-6B17-4D56-AE08-48FB1EC41DE9}.Release|Any CPU.Build.0 = Release|Any CPU
	EndGlobalSection
	GlobalSection(SolutionProperties) = preSolution
		HideSolutionNode = FALSE
	EndGlobalSection
EndGlobal
